
Microsoft Visual Studio Solution File, Format Version 12.00
# Visual Studio 15
VisualStudioVersion = 15.0.28307.421
MinimumVisualStudioVersion = 10.0.40219.1
Project("{FAE04EC0-301F-11D3-BF4B-00C04F79EFBC}") = "FinancialPortalXam.Android", "FinancialPortalXam\FinancialPortalXam.Android\FinancialPortalXam.Android.csproj", "{9F795D37-5F3D-4D84-8E31-BE96B3B444FE}"
EndProject
Project("{FAE04EC0-301F-11D3-BF4B-00C04F79EFBC}") = "FinancialPortalXam.iOS", "FinancialPortalXam\FinancialPortalXam.iOS\FinancialPortalXam.iOS.csproj", "{39BBB133-BFEB-4045-A191-E85B48157774}"
EndProject
Project("{FAE04EC0-301F-11D3-BF4B-00C04F79EFBC}") = "FinancialPortalXam.UWP", "FinancialPortalXam\FinancialPortalXam.UWP\FinancialPortalXam.UWP.csproj", "{E573C3C0-65C3-4CB0-B1E1-6A6205F5FA8D}"
EndProject
Project("{FAE04EC0-301F-11D3-BF4B-00C04F79EFBC}") = "FinancialPortalXam", "FinancialPortalXam\FinancialPortalXam\FinancialPortalXam.csproj", "{3ED2F29B-FD80-4724-9038-4D52D1E0D7D1}"
EndProject
Global
	GlobalSection(SolutionConfigurationPlatforms) = preSolution
		Ad-Hoc|Any CPU = Ad-Hoc|Any CPU
		Ad-Hoc|ARM = Ad-Hoc|ARM
		Ad-Hoc|iPhone = Ad-Hoc|iPhone
		Ad-Hoc|iPhoneSimulator = Ad-Hoc|iPhoneSimulator
		Ad-Hoc|x64 = Ad-Hoc|x64
		Ad-Hoc|x86 = Ad-Hoc|x86
		AppStore|Any CPU = AppStore|Any CPU
		AppStore|ARM = AppStore|ARM
		AppStore|iPhone = AppStore|iPhone
		AppStore|iPhoneSimulator = AppStore|iPhoneSimulator
		AppStore|x64 = AppStore|x64
		AppStore|x86 = AppStore|x86
		Debug|Any CPU = Debug|Any CPU
		Debug|ARM = Debug|ARM
		Debug|iPhone = Debug|iPhone
		Debug|iPhoneSimulator = Debug|iPhoneSimulator
		Debug|x64 = Debug|x64
		Debug|x86 = Debug|x86
		Release|Any CPU = Release|Any CPU
		Release|ARM = Release|ARM
		Release|iPhone = Release|iPhone
		Release|iPhoneSimulator = Release|iPhoneSimulator
		Release|x64 = Release|x64
		Release|x86 = Release|x86
	EndGlobalSection
	GlobalSection(ProjectConfigurationPlatforms) = postSolution
		{9F795D37-5F3D-4D84-8E31-BE96B3B444FE}.Ad-Hoc|Any CPU.ActiveCfg = Release|Any CPU
		{9F795D37-5F3D-4D84-8E31-BE96B3B444FE}.Ad-Hoc|Any CPU.Build.0 = Release|Any CPU
		{9F795D37-5F3D-4D84-8E31-BE96B3B444FE}.Ad-Hoc|Any CPU.Deploy.0 = Release|Any CPU
		{9F795D37-5F3D-4D84-8E31-BE96B3B444FE}.Ad-Hoc|ARM.ActiveCfg = Release|Any CPU
		{9F795D37-5F3D-4D84-8E31-BE96B3B444FE}.Ad-Hoc|ARM.Build.0 = Release|Any CPU
		{9F795D37-5F3D-4D84-8E31-BE96B3B444FE}.Ad-Hoc|ARM.Deploy.0 = Release|Any CPU
		{9F795D37-5F3D-4D84-8E31-BE96B3B444FE}.Ad-Hoc|iPhone.ActiveCfg = Release|Any CPU
		{9F795D37-5F3D-4D84-8E31-BE96B3B444FE}.Ad-Hoc|iPhone.Build.0 = Release|Any CPU
		{9F795D37-5F3D-4D84-8E31-BE96B3B444FE}.Ad-Hoc|iPhone.Deploy.0 = Release|Any CPU
		{9F795D37-5F3D-4D84-8E31-BE96B3B444FE}.Ad-Hoc|iPhoneSimulator.ActiveCfg = Release|Any CPU
		{9F795D37-5F3D-4D84-8E31-BE96B3B444FE}.Ad-Hoc|iPhoneSimulator.Build.0 = Release|Any CPU
		{9F795D37-5F3D-4D84-8E31-BE96B3B444FE}.Ad-Hoc|iPhoneSimulator.Deploy.0 = Release|Any CPU
		{9F795D37-5F3D-4D84-8E31-BE96B3B444FE}.Ad-Hoc|x64.ActiveCfg = Release|Any CPU
		{9F795D37-5F3D-4D84-8E31-BE96B3B444FE}.Ad-Hoc|x64.Build.0 = Release|Any CPU
		{9F795D37-5F3D-4D84-8E31-BE96B3B444FE}.Ad-Hoc|x64.Deploy.0 = Release|Any CPU
		{9F795D37-5F3D-4D84-8E31-BE96B3B444FE}.Ad-Hoc|x86.ActiveCfg = Release|Any CPU
		{9F795D37-5F3D-4D84-8E31-BE96B3B444FE}.Ad-Hoc|x86.Build.0 = Release|Any CPU
		{9F795D37-5F3D-4D84-8E31-BE96B3B444FE}.Ad-Hoc|x86.Deploy.0 = Release|Any CPU
		{9F795D37-5F3D-4D84-8E31-BE96B3B444FE}.AppStore|Any CPU.ActiveCfg = Release|Any CPU
		{9F795D37-5F3D-4D84-8E31-BE96B3B444FE}.AppStore|Any CPU.Build.0 = Release|Any CPU
		{9F795D37-5F3D-4D84-8E31-BE96B3B444FE}.AppStore|Any CPU.Deploy.0 = Release|Any CPU
		{9F795D37-5F3D-4D84-8E31-BE96B3B444FE}.AppStore|ARM.ActiveCfg = Release|Any CPU
		{9F795D37-5F3D-4D84-8E31-BE96B3B444FE}.AppStore|ARM.Build.0 = Release|Any CPU
		{9F795D37-5F3D-4D84-8E31-BE96B3B444FE}.AppStore|ARM.Deploy.0 = Release|Any CPU
		{9F795D37-5F3D-4D84-8E31-BE96B3B444FE}.AppStore|iPhone.ActiveCfg = Release|Any CPU
		{9F795D37-5F3D-4D84-8E31-BE96B3B444FE}.AppStore|iPhone.Build.0 = Release|Any CPU
		{9F795D37-5F3D-4D84-8E31-BE96B3B444FE}.AppStore|iPhone.Deploy.0 = Release|Any CPU
		{9F795D37-5F3D-4D84-8E31-BE96B3B444FE}.AppStore|iPhoneSimulator.ActiveCfg = Release|Any CPU
		{9F795D37-5F3D-4D84-8E31-BE96B3B444FE}.AppStore|iPhoneSimulator.Build.0 = Release|Any CPU
		{9F795D37-5F3D-4D84-8E31-BE96B3B444FE}.AppStore|iPhoneSimulator.Deploy.0 = Release|Any CPU
		{9F795D37-5F3D-4D84-8E31-BE96B3B444FE}.AppStore|x64.ActiveCfg = Release|Any CPU
		{9F795D37-5F3D-4D84-8E31-BE96B3B444FE}.AppStore|x64.Build.0 = Release|Any CPU
		{9F795D37-5F3D-4D84-8E31-BE96B3B444FE}.AppStore|x64.Deploy.0 = Release|Any CPU
		{9F795D37-5F3D-4D84-8E31-BE96B3B444FE}.AppStore|x86.ActiveCfg = Release|Any CPU
		{9F795D37-5F3D-4D84-8E31-BE96B3B444FE}.AppStore|x86.Build.0 = Release|Any CPU
		{9F795D37-5F3D-4D84-8E31-BE96B3B444FE}.AppStore|x86.Deploy.0 = Release|Any CPU
		{9F795D37-5F3D-4D84-8E31-BE96B3B444FE}.Debug|Any CPU.ActiveCfg = Debug|Any CPU
		{9F795D37-5F3D-4D84-8E31-BE96B3B444FE}.Debug|Any CPU.Build.0 = Debug|Any CPU
		{9F795D37-5F3D-4D84-8E31-BE96B3B444FE}.Debug|Any CPU.Deploy.0 = Debug|Any CPU
		{9F795D37-5F3D-4D84-8E31-BE96B3B444FE}.Debug|ARM.ActiveCfg = Debug|Any CPU
		{9F795D37-5F3D-4D84-8E31-BE96B3B444FE}.Debug|ARM.Build.0 = Debug|Any CPU
		{9F795D37-5F3D-4D84-8E31-BE96B3B444FE}.Debug|ARM.Deploy.0 = Debug|Any CPU
		{9F795D37-5F3D-4D84-8E31-BE96B3B444FE}.Debug|iPhone.ActiveCfg = Debug|Any CPU
		{9F795D37-5F3D-4D84-8E31-BE96B3B444FE}.Debug|iPhone.Build.0 = Debug|Any CPU
		{9F795D37-5F3D-4D84-8E31-BE96B3B444FE}.Debug|iPhone.Deploy.0 = Debug|Any CPU
		{9F795D37-5F3D-4D84-8E31-BE96B3B444FE}.Debug|iPhoneSimulator.ActiveCfg = Debug|Any CPU
		{9F795D37-5F3D-4D84-8E31-BE96B3B444FE}.Debug|iPhoneSimulator.Build.0 = Debug|Any CPU
		{9F795D37-5F3D-4D84-8E31-BE96B3B444FE}.Debug|iPhoneSimulator.Deploy.0 = Debug|Any CPU
		{9F795D37-5F3D-4D84-8E31-BE96B3B444FE}.Debug|x64.ActiveCfg = Debug|Any CPU
		{9F795D37-5F3D-4D84-8E31-BE96B3B444FE}.Debug|x64.Build.0 = Debug|Any CPU
		{9F795D37-5F3D-4D84-8E31-BE96B3B444FE}.Debug|x64.Deploy.0 = Debug|Any CPU
		{9F795D37-5F3D-4D84-8E31-BE96B3B444FE}.Debug|x86.ActiveCfg = Debug|Any CPU
		{9F795D37-5F3D-4D84-8E31-BE96B3B444FE}.Debug|x86.Build.0 = Debug|Any CPU
		{9F795D37-5F3D-4D84-8E31-BE96B3B444FE}.Debug|x86.Deploy.0 = Debug|Any CPU
		{9F795D37-5F3D-4D84-8E31-BE96B3B444FE}.Release|Any CPU.ActiveCfg = Release|Any CPU
		{9F795D37-5F3D-4D84-8E31-BE96B3B444FE}.Release|Any CPU.Build.0 = Release|Any CPU
		{9F795D37-5F3D-4D84-8E31-BE96B3B444FE}.Release|Any CPU.Deploy.0 = Release|Any CPU
		{9F795D37-5F3D-4D84-8E31-BE96B3B444FE}.Release|ARM.ActiveCfg = Release|Any CPU
		{9F795D37-5F3D-4D84-8E31-BE96B3B444FE}.Release|ARM.Build.0 = Release|Any CPU
		{9F795D37-5F3D-4D84-8E31-BE96B3B444FE}.Release|ARM.Deploy.0 = Release|Any CPU
		{9F795D37-5F3D-4D84-8E31-BE96B3B444FE}.Release|iPhone.ActiveCfg = Release|Any CPU
		{9F795D37-5F3D-4D84-8E31-BE96B3B444FE}.Release|iPhone.Build.0 = Release|Any CPU
		{9F795D37-5F3D-4D84-8E31-BE96B3B444FE}.Release|iPhone.Deploy.0 = Release|Any CPU
		{9F795D37-5F3D-4D84-8E31-BE96B3B444FE}.Release|iPhoneSimulator.ActiveCfg = Release|Any CPU
		{9F795D37-5F3D-4D84-8E31-BE96B3B444FE}.Release|iPhoneSimulator.Build.0 = Release|Any CPU
		{9F795D37-5F3D-4D84-8E31-BE96B3B444FE}.Release|iPhoneSimulator.Deploy.0 = Release|Any CPU
		{9F795D37-5F3D-4D84-8E31-BE96B3B444FE}.Release|x64.ActiveCfg = Release|Any CPU
		{9F795D37-5F3D-4D84-8E31-BE96B3B444FE}.Release|x64.Build.0 = Release|Any CPU
		{9F795D37-5F3D-4D84-8E31-BE96B3B444FE}.Release|x64.Deploy.0 = Release|Any CPU
		{9F795D37-5F3D-4D84-8E31-BE96B3B444FE}.Release|x86.ActiveCfg = Release|Any CPU
		{9F795D37-5F3D-4D84-8E31-BE96B3B444FE}.Release|x86.Build.0 = Release|Any CPU
		{9F795D37-5F3D-4D84-8E31-BE96B3B444FE}.Release|x86.Deploy.0 = Release|Any CPU
		{39BBB133-BFEB-4045-A191-E85B48157774}.Ad-Hoc|Any CPU.ActiveCfg = Ad-Hoc|iPhone
		{39BBB133-BFEB-4045-A191-E85B48157774}.Ad-Hoc|Any CPU.Build.0 = Ad-Hoc|iPhone
		{39BBB133-BFEB-4045-A191-E85B48157774}.Ad-Hoc|Any CPU.Deploy.0 = Ad-Hoc|iPhone
		{39BBB133-BFEB-4045-A191-E85B48157774}.Ad-Hoc|ARM.ActiveCfg = Ad-Hoc|iPhone
		{39BBB133-BFEB-4045-A191-E85B48157774}.Ad-Hoc|ARM.Build.0 = Ad-Hoc|iPhone
		{39BBB133-BFEB-4045-A191-E85B48157774}.Ad-Hoc|ARM.Deploy.0 = Ad-Hoc|iPhone
		{39BBB133-BFEB-4045-A191-E85B48157774}.Ad-Hoc|iPhone.ActiveCfg = Ad-Hoc|iPhone
		{39BBB133-BFEB-4045-A191-E85B48157774}.Ad-Hoc|iPhone.Build.0 = Ad-Hoc|iPhone
		{39BBB133-BFEB-4045-A191-E85B48157774}.Ad-Hoc|iPhone.Deploy.0 = Ad-Hoc|iPhone
		{39BBB133-BFEB-4045-A191-E85B48157774}.Ad-Hoc|iPhoneSimulator.ActiveCfg = Ad-Hoc|iPhoneSimulator
		{39BBB133-BFEB-4045-A191-E85B48157774}.Ad-Hoc|iPhoneSimulator.Build.0 = Ad-Hoc|iPhoneSimulator
		{39BBB133-BFEB-4045-A191-E85B48157774}.Ad-Hoc|iPhoneSimulator.Deploy.0 = Ad-Hoc|iPhoneSimulator
		{39BBB133-BFEB-4045-A191-E85B48157774}.Ad-Hoc|x64.ActiveCfg = Ad-Hoc|iPhone
		{39BBB133-BFEB-4045-A191-E85B48157774}.Ad-Hoc|x64.Build.0 = Ad-Hoc|iPhone
		{39BBB133-BFEB-4045-A191-E85B48157774}.Ad-Hoc|x64.Deploy.0 = Ad-Hoc|iPhone
		{39BBB133-BFEB-4045-A191-E85B48157774}.Ad-Hoc|x86.ActiveCfg = Ad-Hoc|iPhone
		{39BBB133-BFEB-4045-A191-E85B48157774}.Ad-Hoc|x86.Build.0 = Ad-Hoc|iPhone
		{39BBB133-BFEB-4045-A191-E85B48157774}.Ad-Hoc|x86.Deploy.0 = Ad-Hoc|iPhone
		{39BBB133-BFEB-4045-A191-E85B48157774}.AppStore|Any CPU.ActiveCfg = AppStore|iPhone
		{39BBB133-BFEB-4045-A191-E85B48157774}.AppStore|Any CPU.Build.0 = AppStore|iPhone
		{39BBB133-BFEB-4045-A191-E85B48157774}.AppStore|Any CPU.Deploy.0 = AppStore|iPhone
		{39BBB133-BFEB-4045-A191-E85B48157774}.AppStore|ARM.ActiveCfg = AppStore|iPhone
		{39BBB133-BFEB-4045-A191-E85B48157774}.AppStore|ARM.Build.0 = AppStore|iPhone
		{39BBB133-BFEB-4045-A191-E85B48157774}.AppStore|ARM.Deploy.0 = AppStore|iPhone
		{39BBB133-BFEB-4045-A191-E85B48157774}.AppStore|iPhone.ActiveCfg = AppStore|iPhone
		{39BBB133-BFEB-4045-A191-E85B48157774}.AppStore|iPhone.Build.0 = AppStore|iPhone
		{39BBB133-BFEB-4045-A191-E85B48157774}.AppStore|iPhone.Deploy.0 = AppStore|iPhone
		{39BBB133-BFEB-4045-A191-E85B48157774}.AppStore|iPhoneSimulator.ActiveCfg = AppStore|iPhoneSimulator
		{39BBB133-BFEB-4045-A191-E85B48157774}.AppStore|iPhoneSimulator.Build.0 = AppStore|iPhoneSimulator
		{39BBB133-BFEB-4045-A191-E85B48157774}.AppStore|iPhoneSimulator.Deploy.0 = AppStore|iPhoneSimulator
		{39BBB133-BFEB-4045-A191-E85B48157774}.AppStore|x64.ActiveCfg = AppStore|iPhone
		{39BBB133-BFEB-4045-A191-E85B48157774}.AppStore|x64.Build.0 = AppStore|iPhone
		{39BBB133-BFEB-4045-A191-E85B48157774}.AppStore|x64.Deploy.0 = AppStore|iPhone
		{39BBB133-BFEB-4045-A191-E85B48157774}.AppStore|x86.ActiveCfg = AppStore|iPhone
		{39BBB133-BFEB-4045-A191-E85B48157774}.AppStore|x86.Build.0 = AppStore|iPhone
		{39BBB133-BFEB-4045-A191-E85B48157774}.AppStore|x86.Deploy.0 = AppStore|iPhone
		{39BBB133-BFEB-4045-A191-E85B48157774}.Debug|Any CPU.ActiveCfg = Debug|iPhoneSimulator
		{39BBB133-BFEB-4045-A191-E85B48157774}.Debug|Any CPU.Build.0 = Debug|iPhoneSimulator
		{39BBB133-BFEB-4045-A191-E85B48157774}.Debug|Any CPU.Deploy.0 = Debug|iPhoneSimulator
		{39BBB133-BFEB-4045-A191-E85B48157774}.Debug|ARM.ActiveCfg = Debug|iPhone
		{39BBB133-BFEB-4045-A191-E85B48157774}.Debug|ARM.Build.0 = Debug|iPhone
		{39BBB133-BFEB-4045-A191-E85B48157774}.Debug|ARM.Deploy.0 = Debug|iPhone
		{39BBB133-BFEB-4045-A191-E85B48157774}.Debug|iPhone.ActiveCfg = Debug|iPhone
		{39BBB133-BFEB-4045-A191-E85B48157774}.Debug|iPhone.Build.0 = Debug|iPhone
		{39BBB133-BFEB-4045-A191-E85B48157774}.Debug|iPhone.Deploy.0 = Debug|iPhone
		{39BBB133-BFEB-4045-A191-E85B48157774}.Debug|iPhoneSimulator.ActiveCfg = Debug|iPhoneSimulator
		{39BBB133-BFEB-4045-A191-E85B48157774}.Debug|iPhoneSimulator.Build.0 = Debug|iPhoneSimulator
		{39BBB133-BFEB-4045-A191-E85B48157774}.Debug|iPhoneSimulator.Deploy.0 = Debug|iPhoneSimulator
		{39BBB133-BFEB-4045-A191-E85B48157774}.Debug|x64.ActiveCfg = Debug|iPhone
		{39BBB133-BFEB-4045-A191-E85B48157774}.Debug|x64.Build.0 = Debug|iPhone
		{39BBB133-BFEB-4045-A191-E85B48157774}.Debug|x64.Deploy.0 = Debug|iPhone
		{39BBB133-BFEB-4045-A191-E85B48157774}.Debug|x86.ActiveCfg = Debug|iPhone
		{39BBB133-BFEB-4045-A191-E85B48157774}.Debug|x86.Build.0 = Debug|iPhone
		{39BBB133-BFEB-4045-A191-E85B48157774}.Debug|x86.Deploy.0 = Debug|iPhone
		{39BBB133-BFEB-4045-A191-E85B48157774}.Release|Any CPU.ActiveCfg = Release|iPhone
		{39BBB133-BFEB-4045-A191-E85B48157774}.Release|Any CPU.Build.0 = Release|iPhone
		{39BBB133-BFEB-4045-A191-E85B48157774}.Release|Any CPU.Deploy.0 = Release|iPhone
		{39BBB133-BFEB-4045-A191-E85B48157774}.Release|ARM.ActiveCfg = Release|iPhone
		{39BBB133-BFEB-4045-A191-E85B48157774}.Release|ARM.Build.0 = Release|iPhone
		{39BBB133-BFEB-4045-A191-E85B48157774}.Release|ARM.Deploy.0 = Release|iPhone
		{39BBB133-BFEB-4045-A191-E85B48157774}.Release|iPhone.ActiveCfg = Release|iPhone
		{39BBB133-BFEB-4045-A191-E85B48157774}.Release|iPhone.Build.0 = Release|iPhone
		{39BBB133-BFEB-4045-A191-E85B48157774}.Release|iPhone.Deploy.0 = Release|iPhone
		{39BBB133-BFEB-4045-A191-E85B48157774}.Release|iPhoneSimulator.ActiveCfg = Release|iPhoneSimulator
		{39BBB133-BFEB-4045-A191-E85B48157774}.Release|iPhoneSimulator.Build.0 = Release|iPhoneSimulator
		{39BBB133-BFEB-4045-A191-E85B48157774}.Release|iPhoneSimulator.Deploy.0 = Release|iPhoneSimulator
		{39BBB133-BFEB-4045-A191-E85B48157774}.Release|x64.ActiveCfg = Release|iPhone
		{39BBB133-BFEB-4045-A191-E85B48157774}.Release|x64.Build.0 = Release|iPhone
		{39BBB133-BFEB-4045-A191-E85B48157774}.Release|x64.Deploy.0 = Release|iPhone
		{39BBB133-BFEB-4045-A191-E85B48157774}.Release|x86.ActiveCfg = Release|iPhone
		{39BBB133-BFEB-4045-A191-E85B48157774}.Release|x86.Build.0 = Release|iPhone
		{39BBB133-BFEB-4045-A191-E85B48157774}.Release|x86.Deploy.0 = Release|iPhone
		{E573C3C0-65C3-4CB0-B1E1-6A6205F5FA8D}.Ad-Hoc|Any CPU.ActiveCfg = Release|x86
		{E573C3C0-65C3-4CB0-B1E1-6A6205F5FA8D}.Ad-Hoc|Any CPU.Build.0 = Release|x86
		{E573C3C0-65C3-4CB0-B1E1-6A6205F5FA8D}.Ad-Hoc|Any CPU.Deploy.0 = Release|x86
		{E573C3C0-65C3-4CB0-B1E1-6A6205F5FA8D}.Ad-Hoc|ARM.ActiveCfg = Release|ARM
		{E573C3C0-65C3-4CB0-B1E1-6A6205F5FA8D}.Ad-Hoc|ARM.Build.0 = Release|ARM
		{E573C3C0-65C3-4CB0-B1E1-6A6205F5FA8D}.Ad-Hoc|ARM.Deploy.0 = Release|ARM
		{E573C3C0-65C3-4CB0-B1E1-6A6205F5FA8D}.Ad-Hoc|iPhone.ActiveCfg = Release|x86
		{E573C3C0-65C3-4CB0-B1E1-6A6205F5FA8D}.Ad-Hoc|iPhone.Build.0 = Release|x86
		{E573C3C0-65C3-4CB0-B1E1-6A6205F5FA8D}.Ad-Hoc|iPhone.Deploy.0 = Release|x86
		{E573C3C0-65C3-4CB0-B1E1-6A6205F5FA8D}.Ad-Hoc|iPhoneSimulator.ActiveCfg = Release|x86
		{E573C3C0-65C3-4CB0-B1E1-6A6205F5FA8D}.Ad-Hoc|iPhoneSimulator.Build.0 = Release|x86
		{E573C3C0-65C3-4CB0-B1E1-6A6205F5FA8D}.Ad-Hoc|iPhoneSimulator.Deploy.0 = Release|x86
		{E573C3C0-65C3-4CB0-B1E1-6A6205F5FA8D}.Ad-Hoc|x64.ActiveCfg = Release|x64
		{E573C3C0-65C3-4CB0-B1E1-6A6205F5FA8D}.Ad-Hoc|x64.Build.0 = Release|x64
		{E573C3C0-65C3-4CB0-B1E1-6A6205F5FA8D}.Ad-Hoc|x64.Deploy.0 = Release|x64
		{E573C3C0-65C3-4CB0-B1E1-6A6205F5FA8D}.Ad-Hoc|x86.ActiveCfg = Release|x86
		{E573C3C0-65C3-4CB0-B1E1-6A6205F5FA8D}.Ad-Hoc|x86.Build.0 = Release|x86
		{E573C3C0-65C3-4CB0-B1E1-6A6205F5FA8D}.Ad-Hoc|x86.Deploy.0 = Release|x86
		{E573C3C0-65C3-4CB0-B1E1-6A6205F5FA8D}.AppStore|Any CPU.ActiveCfg = Release|x86
		{E573C3C0-65C3-4CB0-B1E1-6A6205F5FA8D}.AppStore|Any CPU.Build.0 = Release|x86
		{E573C3C0-65C3-4CB0-B1E1-6A6205F5FA8D}.AppStore|Any CPU.Deploy.0 = Release|x86
		{E573C3C0-65C3-4CB0-B1E1-6A6205F5FA8D}.AppStore|ARM.ActiveCfg = Release|ARM
		{E573C3C0-65C3-4CB0-B1E1-6A6205F5FA8D}.AppStore|ARM.Build.0 = Release|ARM
		{E573C3C0-65C3-4CB0-B1E1-6A6205F5FA8D}.AppStore|ARM.Deploy.0 = Release|ARM
		{E573C3C0-65C3-4CB0-B1E1-6A6205F5FA8D}.AppStore|iPhone.ActiveCfg = Release|x86
		{E573C3C0-65C3-4CB0-B1E1-6A6205F5FA8D}.AppStore|iPhone.Build.0 = Release|x86
		{E573C3C0-65C3-4CB0-B1E1-6A6205F5FA8D}.AppStore|iPhone.Deploy.0 = Release|x86
		{E573C3C0-65C3-4CB0-B1E1-6A6205F5FA8D}.AppStore|iPhoneSimulator.ActiveCfg = Release|x86
		{E573C3C0-65C3-4CB0-B1E1-6A6205F5FA8D}.AppStore|iPhoneSimulator.Build.0 = Release|x86
		{E573C3C0-65C3-4CB0-B1E1-6A6205F5FA8D}.AppStore|iPhoneSimulator.Deploy.0 = Release|x86
		{E573C3C0-65C3-4CB0-B1E1-6A6205F5FA8D}.AppStore|x64.ActiveCfg = Release|x64
		{E573C3C0-65C3-4CB0-B1E1-6A6205F5FA8D}.AppStore|x64.Build.0 = Release|x64
		{E573C3C0-65C3-4CB0-B1E1-6A6205F5FA8D}.AppStore|x64.Deploy.0 = Release|x64
		{E573C3C0-65C3-4CB0-B1E1-6A6205F5FA8D}.AppStore|x86.ActiveCfg = Release|x86
		{E573C3C0-65C3-4CB0-B1E1-6A6205F5FA8D}.AppStore|x86.Build.0 = Release|x86
		{E573C3C0-65C3-4CB0-B1E1-6A6205F5FA8D}.AppStore|x86.Deploy.0 = Release|x86
		{E573C3C0-65C3-4CB0-B1E1-6A6205F5FA8D}.Debug|Any CPU.ActiveCfg = Debug|x86
		{E573C3C0-65C3-4CB0-B1E1-6A6205F5FA8D}.Debug|Any CPU.Build.0 = Debug|x86
		{E573C3C0-65C3-4CB0-B1E1-6A6205F5FA8D}.Debug|Any CPU.Deploy.0 = Debug|x86
		{E573C3C0-65C3-4CB0-B1E1-6A6205F5FA8D}.Debug|ARM.ActiveCfg = Debug|ARM
		{E573C3C0-65C3-4CB0-B1E1-6A6205F5FA8D}.Debug|ARM.Build.0 = Debug|ARM
		{E573C3C0-65C3-4CB0-B1E1-6A6205F5FA8D}.Debug|ARM.Deploy.0 = Debug|ARM
		{E573C3C0-65C3-4CB0-B1E1-6A6205F5FA8D}.Debug|iPhone.ActiveCfg = Debug|x86
		{E573C3C0-65C3-4CB0-B1E1-6A6205F5FA8D}.Debug|iPhone.Build.0 = Debug|x86
		{E573C3C0-65C3-4CB0-B1E1-6A6205F5FA8D}.Debug|iPhone.Deploy.0 = Debug|x86
		{E573C3C0-65C3-4CB0-B1E1-6A6205F5FA8D}.Debug|iPhoneSimulator.ActiveCfg = Debug|x86
		{E573C3C0-65C3-4CB0-B1E1-6A6205F5FA8D}.Debug|iPhoneSimulator.Build.0 = Debug|x86
		{E573C3C0-65C3-4CB0-B1E1-6A6205F5FA8D}.Debug|iPhoneSimulator.Deploy.0 = Debug|x86
		{E573C3C0-65C3-4CB0-B1E1-6A6205F5FA8D}.Debug|x64.ActiveCfg = Debug|x64
		{E573C3C0-65C3-4CB0-B1E1-6A6205F5FA8D}.Debug|x64.Build.0 = Debug|x64
		{E573C3C0-65C3-4CB0-B1E1-6A6205F5FA8D}.Debug|x64.Deploy.0 = Debug|x64
		{E573C3C0-65C3-4CB0-B1E1-6A6205F5FA8D}.Debug|x86.ActiveCfg = Debug|x86
		{E573C3C0-65C3-4CB0-B1E1-6A6205F5FA8D}.Debug|x86.Build.0 = Debug|x86
		{E573C3C0-65C3-4CB0-B1E1-6A6205F5FA8D}.Debug|x86.Deploy.0 = Debug|x86
		{E573C3C0-65C3-4CB0-B1E1-6A6205F5FA8D}.Release|Any CPU.ActiveCfg = Release|x86
		{E573C3C0-65C3-4CB0-B1E1-6A6205F5FA8D}.Release|Any CPU.Build.0 = Release|x86
		{E573C3C0-65C3-4CB0-B1E1-6A6205F5FA8D}.Release|Any CPU.Deploy.0 = Release|x86
		{E573C3C0-65C3-4CB0-B1E1-6A6205F5FA8D}.Release|ARM.ActiveCfg = Release|ARM
		{E573C3C0-65C3-4CB0-B1E1-6A6205F5FA8D}.Release|ARM.Build.0 = Release|ARM
		{E573C3C0-65C3-4CB0-B1E1-6A6205F5FA8D}.Release|ARM.Deploy.0 = Release|ARM
		{E573C3C0-65C3-4CB0-B1E1-6A6205F5FA8D}.Release|iPhone.ActiveCfg = Release|x86
		{E573C3C0-65C3-4CB0-B1E1-6A6205F5FA8D}.Release|iPhone.Build.0 = Release|x86
		{E573C3C0-65C3-4CB0-B1E1-6A6205F5FA8D}.Release|iPhone.Deploy.0 = Release|x86
		{E573C3C0-65C3-4CB0-B1E1-6A6205F5FA8D}.Release|iPhoneSimulator.ActiveCfg = Release|x86
		{E573C3C0-65C3-4CB0-B1E1-6A6205F5FA8D}.Release|iPhoneSimulator.Build.0 = Release|x86
		{E573C3C0-65C3-4CB0-B1E1-6A6205F5FA8D}.Release|iPhoneSimulator.Deploy.0 = Release|x86
		{E573C3C0-65C3-4CB0-B1E1-6A6205F5FA8D}.Release|x64.ActiveCfg = Release|x64
		{E573C3C0-65C3-4CB0-B1E1-6A6205F5FA8D}.Release|x64.Build.0 = Release|x64
		{E573C3C0-65C3-4CB0-B1E1-6A6205F5FA8D}.Release|x64.Deploy.0 = Release|x64
		{E573C3C0-65C3-4CB0-B1E1-6A6205F5FA8D}.Release|x86.ActiveCfg = Release|x86
		{E573C3C0-65C3-4CB0-B1E1-6A6205F5FA8D}.Release|x86.Build.0 = Release|x86
		{E573C3C0-65C3-4CB0-B1E1-6A6205F5FA8D}.Release|x86.Deploy.0 = Release|x86
		{3ED2F29B-FD80-4724-9038-4D52D1E0D7D1}.Ad-Hoc|Any CPU.ActiveCfg = Debug|Any CPU
		{3ED2F29B-FD80-4724-9038-4D52D1E0D7D1}.Ad-Hoc|Any CPU.Build.0 = Debug|Any CPU
		{3ED2F29B-FD80-4724-9038-4D52D1E0D7D1}.Ad-Hoc|Any CPU.Deploy.0 = Debug|Any CPU
		{3ED2F29B-FD80-4724-9038-4D52D1E0D7D1}.Ad-Hoc|ARM.ActiveCfg = Debug|Any CPU
		{3ED2F29B-FD80-4724-9038-4D52D1E0D7D1}.Ad-Hoc|ARM.Build.0 = Debug|Any CPU
		{3ED2F29B-FD80-4724-9038-4D52D1E0D7D1}.Ad-Hoc|ARM.Deploy.0 = Debug|Any CPU
		{3ED2F29B-FD80-4724-9038-4D52D1E0D7D1}.Ad-Hoc|iPhone.ActiveCfg = Debug|Any CPU
		{3ED2F29B-FD80-4724-9038-4D52D1E0D7D1}.Ad-Hoc|iPhone.Build.0 = Debug|Any CPU
		{3ED2F29B-FD80-4724-9038-4D52D1E0D7D1}.Ad-Hoc|iPhone.Deploy.0 = Debug|Any CPU
		{3ED2F29B-FD80-4724-9038-4D52D1E0D7D1}.Ad-Hoc|iPhoneSimulator.ActiveCfg = Debug|Any CPU
		{3ED2F29B-FD80-4724-9038-4D52D1E0D7D1}.Ad-Hoc|iPhoneSimulator.Build.0 = Debug|Any CPU
		{3ED2F29B-FD80-4724-9038-4D52D1E0D7D1}.Ad-Hoc|iPhoneSimulator.Deploy.0 = Debug|Any CPU
		{3ED2F29B-FD80-4724-9038-4D52D1E0D7D1}.Ad-Hoc|x64.ActiveCfg = Debug|Any CPU
		{3ED2F29B-FD80-4724-9038-4D52D1E0D7D1}.Ad-Hoc|x64.Build.0 = Debug|Any CPU
		{3ED2F29B-FD80-4724-9038-4D52D1E0D7D1}.Ad-Hoc|x64.Deploy.0 = Debug|Any CPU
		{3ED2F29B-FD80-4724-9038-4D52D1E0D7D1}.Ad-Hoc|x86.ActiveCfg = Debug|Any CPU
		{3ED2F29B-FD80-4724-9038-4D52D1E0D7D1}.Ad-Hoc|x86.Build.0 = Debug|Any CPU
		{3ED2F29B-FD80-4724-9038-4D52D1E0D7D1}.Ad-Hoc|x86.Deploy.0 = Debug|Any CPU
		{3ED2F29B-FD80-4724-9038-4D52D1E0D7D1}.AppStore|Any CPU.ActiveCfg = Debug|Any CPU
		{3ED2F29B-FD80-4724-9038-4D52D1E0D7D1}.AppStore|Any CPU.Build.0 = Debug|Any CPU
		{3ED2F29B-FD80-4724-9038-4D52D1E0D7D1}.AppStore|Any CPU.Deploy.0 = Debug|Any CPU
		{3ED2F29B-FD80-4724-9038-4D52D1E0D7D1}.AppStore|ARM.ActiveCfg = Debug|Any CPU
		{3ED2F29B-FD80-4724-9038-4D52D1E0D7D1}.AppStore|ARM.Build.0 = Debug|Any CPU
		{3ED2F29B-FD80-4724-9038-4D52D1E0D7D1}.AppStore|ARM.Deploy.0 = Debug|Any CPU
		{3ED2F29B-FD80-4724-9038-4D52D1E0D7D1}.AppStore|iPhone.ActiveCfg = Debug|Any CPU
		{3ED2F29B-FD80-4724-9038-4D52D1E0D7D1}.AppStore|iPhone.Build.0 = Debug|Any CPU
		{3ED2F29B-FD80-4724-9038-4D52D1E0D7D1}.AppStore|iPhone.Deploy.0 = Debug|Any CPU
		{3ED2F29B-FD80-4724-9038-4D52D1E0D7D1}.AppStore|iPhoneSimulator.ActiveCfg = Debug|Any CPU
		{3ED2F29B-FD80-4724-9038-4D52D1E0D7D1}.AppStore|iPhoneSimulator.Build.0 = Debug|Any CPU
		{3ED2F29B-FD80-4724-9038-4D52D1E0D7D1}.AppStore|iPhoneSimulator.Deploy.0 = Debug|Any CPU
		{3ED2F29B-FD80-4724-9038-4D52D1E0D7D1}.AppStore|x64.ActiveCfg = Debug|Any CPU
		{3ED2F29B-FD80-4724-9038-4D52D1E0D7D1}.AppStore|x64.Build.0 = Debug|Any CPU
		{3ED2F29B-FD80-4724-9038-4D52D1E0D7D1}.AppStore|x64.Deploy.0 = Debug|Any CPU
		{3ED2F29B-FD80-4724-9038-4D52D1E0D7D1}.AppStore|x86.ActiveCfg = Debug|Any CPU
		{3ED2F29B-FD80-4724-9038-4D52D1E0D7D1}.AppStore|x86.Build.0 = Debug|Any CPU
		{3ED2F29B-FD80-4724-9038-4D52D1E0D7D1}.AppStore|x86.Deploy.0 = Debug|Any CPU
		{3ED2F29B-FD80-4724-9038-4D52D1E0D7D1}.Debug|Any CPU.ActiveCfg = Debug|Any CPU
		{3ED2F29B-FD80-4724-9038-4D52D1E0D7D1}.Debug|Any CPU.Build.0 = Debug|Any CPU
		{3ED2F29B-FD80-4724-9038-4D52D1E0D7D1}.Debug|Any CPU.Deploy.0 = Debug|Any CPU
		{3ED2F29B-FD80-4724-9038-4D52D1E0D7D1}.Debug|ARM.ActiveCfg = Debug|Any CPU
		{3ED2F29B-FD80-4724-9038-4D52D1E0D7D1}.Debug|ARM.Build.0 = Debug|Any CPU
		{3ED2F29B-FD80-4724-9038-4D52D1E0D7D1}.Debug|ARM.Deploy.0 = Debug|Any CPU
		{3ED2F29B-FD80-4724-9038-4D52D1E0D7D1}.Debug|iPhone.ActiveCfg = Debug|Any CPU
		{3ED2F29B-FD80-4724-9038-4D52D1E0D7D1}.Debug|iPhone.Build.0 = Debug|Any CPU
		{3ED2F29B-FD80-4724-9038-4D52D1E0D7D1}.Debug|iPhone.Deploy.0 = Debug|Any CPU
		{3ED2F29B-FD80-4724-9038-4D52D1E0D7D1}.Debug|iPhoneSimulator.ActiveCfg = Debug|Any CPU
		{3ED2F29B-FD80-4724-9038-4D52D1E0D7D1}.Debug|iPhoneSimulator.Build.0 = Debug|Any CPU
		{3ED2F29B-FD80-4724-9038-4D52D1E0D7D1}.Debug|iPhoneSimulator.Deploy.0 = Debug|Any CPU
		{3ED2F29B-FD80-4724-9038-4D52D1E0D7D1}.Debug|x64.ActiveCfg = Debug|Any CPU
		{3ED2F29B-FD80-4724-9038-4D52D1E0D7D1}.Debug|x64.Build.0 = Debug|Any CPU
		{3ED2F29B-FD80-4724-9038-4D52D1E0D7D1}.Debug|x64.Deploy.0 = Debug|Any CPU
		{3ED2F29B-FD80-4724-9038-4D52D1E0D7D1}.Debug|x86.ActiveCfg = Debug|Any CPU
		{3ED2F29B-FD80-4724-9038-4D52D1E0D7D1}.Debug|x86.Build.0 = Debug|Any CPU
		{3ED2F29B-FD80-4724-9038-4D52D1E0D7D1}.Debug|x86.Deploy.0 = Debug|Any CPU
		{3ED2F29B-FD80-4724-9038-4D52D1E0D7D1}.Release|Any CPU.ActiveCfg = Release|Any CPU
		{3ED2F29B-FD80-4724-9038-4D52D1E0D7D1}.Release|Any CPU.Build.0 = Release|Any CPU
		{3ED2F29B-FD80-4724-9038-4D52D1E0D7D1}.Release|Any CPU.Deploy.0 = Release|Any CPU
		{3ED2F29B-FD80-4724-9038-4D52D1E0D7D1}.Release|ARM.ActiveCfg = Release|Any CPU
		{3ED2F29B-FD80-4724-9038-4D52D1E0D7D1}.Release|ARM.Build.0 = Release|Any CPU
		{3ED2F29B-FD80-4724-9038-4D52D1E0D7D1}.Release|ARM.Deploy.0 = Release|Any CPU
		{3ED2F29B-FD80-4724-9038-4D52D1E0D7D1}.Release|iPhone.ActiveCfg = Release|Any CPU
		{3ED2F29B-FD80-4724-9038-4D52D1E0D7D1}.Release|iPhone.Build.0 = Release|Any CPU
		{3ED2F29B-FD80-4724-9038-4D52D1E0D7D1}.Release|iPhone.Deploy.0 = Release|Any CPU
		{3ED2F29B-FD80-4724-9038-4D52D1E0D7D1}.Release|iPhoneSimulator.ActiveCfg = Release|Any CPU
		{3ED2F29B-FD80-4724-9038-4D52D1E0D7D1}.Release|iPhoneSimulator.Build.0 = Release|Any CPU
		{3ED2F29B-FD80-4724-9038-4D52D1E0D7D1}.Release|iPhoneSimulator.Deploy.0 = Release|Any CPU
		{3ED2F29B-FD80-4724-9038-4D52D1E0D7D1}.Release|x64.ActiveCfg = Release|Any CPU
		{3ED2F29B-FD80-4724-9038-4D52D1E0D7D1}.Release|x64.Build.0 = Release|Any CPU
		{3ED2F29B-FD80-4724-9038-4D52D1E0D7D1}.Release|x64.Deploy.0 = Release|Any CPU
		{3ED2F29B-FD80-4724-9038-4D52D1E0D7D1}.Release|x86.ActiveCfg = Release|Any CPU
		{3ED2F29B-FD80-4724-9038-4D52D1E0D7D1}.Release|x86.Build.0 = Release|Any CPU
		{3ED2F29B-FD80-4724-9038-4D52D1E0D7D1}.Release|x86.Deploy.0 = Release|Any CPU
	EndGlobalSection
	GlobalSection(SolutionProperties) = preSolution
		HideSolutionNode = FALSE
	EndGlobalSection
	GlobalSection(ExtensibilityGlobals) = postSolution
		SolutionGuid = {5A15D59B-1811-4B1A-94CA-CDD8EC0EF003}
	EndGlobalSection
EndGlobal
